dependencies:
  espressif/esp_lcd_sh1107:
    component_hash: f72a3ae06c388c1c0d86f1ce5169c0520150abb5166cc86bece02aa4fb4347dd
    dependencies:
    - name: idf
      require: private
      version: '>=4.4'
    source:
      registry_url: https://components.espressif.com/
      type: service
    version: 1.0.0
  espressif/esp_lvgl_port:
    component_hash: b43dc04720d126cbfe14d53a84787e4c24b7bd7f15468e224c930ad3ffb32258
    dependencies:
    - name: idf
      require: private
      version: '>=4.4'
    - name: lvgl/lvgl
      registry_url: https://components.espressif.com
      require: public
      version: ^8
    source:
      registry_url: https://components.espressif.com/
      type: service
    version: 1.4.0
  idf:
    source:
      type: idf
    version: 5.4.0
  lvgl/lvgl:
    component_hash: d7c1ac037ae6e85d94897f807d6e7ba0946a83e720074fc95a4f6241da9f9f53
    dependencies: []
    source:
      registry_url: https://components.espressif.com/
      type: service
    version: 8.4.0
direct_dependencies:
- espressif/esp_lcd_sh1107
- espressif/esp_lvgl_port
- idf
- lvgl/lvgl
manifest_hash: 8a34626c26f90a5041ed09d7dc509bfa9dc61357e5806453abf18548e1e0cb81
target: esp32c6
version: 2.0.0
